// !$*UTF8*$!
{
	archiveVersion = 1;
	classes = {
	};
	objectVersion = 46;
	objects = {

/* Begin PBXBuildFile section */
		181E713F1EC9566F00DAAD4F /* textViewController.m in Sources */ = {isa = PBXBuildFile; fileRef = 181E713E1EC9566F00DAAD4F /* textViewController.m */; };
		183B13AC1EAE56C7009DCC28 /* MGPhotoContainerView.m in Sources */ = {isa = PBXBuildFile; fileRef = 183B13AB1EAE56C7009DCC28 /* MGPhotoContainerView.m */; };
		183B13B61EAE5870009DCC28 /* SDBrowserImageView.m in Sources */ = {isa = PBXBuildFile; fileRef = 183B13B01EAE5870009DCC28 /* SDBrowserImageView.m */; };
		183B13B71EAE5870009DCC28 /* SDPhotoBrowser.m in Sources */ = {isa = PBXBuildFile; fileRef = 183B13B21EAE5870009DCC28 /* SDPhotoBrowser.m */; };
		183B13B81EAE5870009DCC28 /* SDWaitingView.m in Sources */ = {isa = PBXBuildFile; fileRef = 183B13B51EAE5870009DCC28 /* SDWaitingView.m */; };
		185828801EA87E4600655A5E /* main.m in Sources */ = {isa = PBXBuildFile; fileRef = 1858287F1EA87E4600655A5E /* main.m */; };
		185828831EA87E4600655A5E /* AppDelegate.m in Sources */ = {isa = PBXBuildFile; fileRef = 185828821EA87E4600655A5E /* AppDelegate.m */; };
		185828891EA87E4600655A5E /* Main.storyboard in Resources */ = {isa = PBXBuildFile; fileRef = 185828871EA87E4600655A5E /* Main.storyboard */; };
		1858288E1EA87E4600655A5E /* LaunchScreen.storyboard in Resources */ = {isa = PBXBuildFile; fileRef = 1858288C1EA87E4600655A5E /* LaunchScreen.storyboard */; };
		185828991EA87E4600655A5E /* CirCleOfFriendTests.m in Sources */ = {isa = PBXBuildFile; fileRef = 185828981EA87E4600655A5E /* CirCleOfFriendTests.m */; };
		185828A41EA87E4600655A5E /* CirCleOfFriendUITests.m in Sources */ = {isa = PBXBuildFile; fileRef = 185828A31EA87E4600655A5E /* CirCleOfFriendUITests.m */; };
		185828B81EA88B2D00655A5E /* MGBaseTabBarController.m in Sources */ = {isa = PBXBuildFile; fileRef = 185828B71EA88B2D00655A5E /* MGBaseTabBarController.m */; };
		185828BB1EA88B5400655A5E /* MGTabBar.m in Sources */ = {isa = PBXBuildFile; fileRef = 185828BA1EA88B5400655A5E /* MGTabBar.m */; };
		185828BE1EA88DEF00655A5E /* MGTabBarButton.m in Sources */ = {isa = PBXBuildFile; fileRef = 185828BD1EA88DEF00655A5E /* MGTabBarButton.m */; };
		185828C71EA99CAD00655A5E /* BaseViewController.m in Sources */ = {isa = PBXBuildFile; fileRef = 185828C61EA99CAD00655A5E /* BaseViewController.m */; };
		185828CA1EA9B6FE00655A5E /* CircleFriendViewController.m in Sources */ = {isa = PBXBuildFile; fileRef = 185828C91EA9B6FE00655A5E /* CircleFriendViewController.m */; };
		185828D11EA9F81700655A5E /* CircleFriendCell.m in Sources */ = {isa = PBXBuildFile; fileRef = 185828D01EA9F81700655A5E /* CircleFriendCell.m */; };
		185828D41EA9FE7A00655A5E /* CircleFriendModel.m in Sources */ = {isa = PBXBuildFile; fileRef = 185828D31EA9FE7A00655A5E /* CircleFriendModel.m */; };
		185828DC1EADA10E00655A5E /* 10.jpg in Resources */ = {isa = PBXBuildFile; fileRef = 185828D71EADA10E00655A5E /* 10.jpg */; };
		185828DD1EADA10E00655A5E /* 11.jpg in Resources */ = {isa = PBXBuildFile; fileRef = 185828D81EADA10E00655A5E /* 11.jpg */; };
		185828DE1EADA10E00655A5E /* 12.jpg in Resources */ = {isa = PBXBuildFile; fileRef = 185828D91EADA10E00655A5E /* 12.jpg */; };
		185828DF1EADA10E00655A5E /* 13.jpg in Resources */ = {isa = PBXBuildFile; fileRef = 185828DA1EADA10E00655A5E /* 13.jpg */; };
		185828E01EADA10E00655A5E /* 14.jpg in Resources */ = {isa = PBXBuildFile; fileRef = 185828DB1EADA10E00655A5E /* 14.jpg */; };
		185828E51EADA15D00655A5E /* 15.jpg in Resources */ = {isa = PBXBuildFile; fileRef = 185828E11EADA15D00655A5E /* 15.jpg */; };
		185828E61EADA15D00655A5E /* 16.jpg in Resources */ = {isa = PBXBuildFile; fileRef = 185828E21EADA15D00655A5E /* 16.jpg */; };
		185828E71EADA15D00655A5E /* 17.jpg in Resources */ = {isa = PBXBuildFile; fileRef = 185828E31EADA15D00655A5E /* 17.jpg */; };
		185828E81EADA15D00655A5E /* 18.jpg in Resources */ = {isa = PBXBuildFile; fileRef = 185828E41EADA15D00655A5E /* 18.jpg */; };
		185B23A21EC59F6F00A5AEF2 /* MGMineViewController.m in Sources */ = {isa = PBXBuildFile; fileRef = 185B23A01EC59F6F00A5AEF2 /* MGMineViewController.m */; };
		185B23A51EC59F8C00A5AEF2 /* MGMineParentClassScrollViewController.m in Sources */ = {isa = PBXBuildFile; fileRef = 185B23A41EC59F8C00A5AEF2 /* MGMineParentClassScrollViewController.m */; };
		185B23A91EC5A5F900A5AEF2 /* MGMineSubViewController.m in Sources */ = {isa = PBXBuildFile; fileRef = 185B23A81EC5A5F900A5AEF2 /* MGMineSubViewController.m */; };
		18626CCA1EC31EF300830CF7 /* MGMainTouchTableTableView.m in Sources */ = {isa = PBXBuildFile; fileRef = 18626CC91EC31EF300830CF7 /* MGMainTouchTableTableView.m */; };
		18626CCE1EC3253C00830CF7 /* MGMineHeaderView.m in Sources */ = {isa = PBXBuildFile; fileRef = 18626CCD1EC3253C00830CF7 /* MGMineHeaderView.m */; };
		18626CD21EC43BD200830CF7 /* MGMineSegmentView.m in Sources */ = {isa = PBXBuildFile; fileRef = 18626CD11EC43BD200830CF7 /* MGMineSegmentView.m */; };
		1875F05E1EC15F4B00F42922 /* MGCommentView.m in Sources */ = {isa = PBXBuildFile; fileRef = 1875F05D1EC15F4B00F42922 /* MGCommentView.m */; };
		1875F0601EC1624F00F42922 /* Assets.xcassets in Resources */ = {isa = PBXBuildFile; fileRef = 1875F05F1EC1624F00F42922 /* Assets.xcassets */; };
		1875F0861EC1983F00F42922 /* MLEmoji_Expression.bundle in Resources */ = {isa = PBXBuildFile; fileRef = 1875F0621EC1983F00F42922 /* MLEmoji_Expression.bundle */; };
		1875F0871EC1983F00F42922 /* MLEmoji_Expression.plist in Resources */ = {isa = PBXBuildFile; fileRef = 1875F0631EC1983F00F42922 /* MLEmoji_Expression.plist */; };
		1875F0881EC1983F00F42922 /* MLEmoji_ExpressionImage.plist in Resources */ = {isa = PBXBuildFile; fileRef = 1875F0641EC1983F00F42922 /* MLEmoji_ExpressionImage.plist */; };
		1875F0891EC1983F00F42922 /* MLEmojiLabel.m in Sources */ = {isa = PBXBuildFile; fileRef = 1875F0661EC1983F00F42922 /* MLEmojiLabel.m */; };
		1875F08A1EC1983F00F42922 /* NSAttributedString+MLLabel.m in Sources */ = {isa = PBXBuildFile; fileRef = 1875F06B1EC1983F00F42922 /* NSAttributedString+MLLabel.m */; };
		1875F08B1EC1983F00F42922 /* NSMutableAttributedString+MLLabel.m in Sources */ = {isa = PBXBuildFile; fileRef = 1875F06D1EC1983F00F42922 /* NSMutableAttributedString+MLLabel.m */; };
		1875F08C1EC1983F00F42922 /* NSString+MLLabel.m in Sources */ = {isa = PBXBuildFile; fileRef = 1875F06F1EC1983F00F42922 /* NSString+MLLabel.m */; };
		1875F08D1EC1983F00F42922 /* MLExpressionManager.m in Sources */ = {isa = PBXBuildFile; fileRef = 1875F0721EC1983F00F42922 /* MLExpressionManager.m */; };
		1875F08E1EC1983F00F42922 /* MLTextAttachment.m in Sources */ = {isa = PBXBuildFile; fileRef = 1875F0741EC1983F00F42922 /* MLTextAttachment.m */; };
		1875F08F1EC1983F00F42922 /* NSAttributedString+MLExpression.m in Sources */ = {isa = PBXBuildFile; fileRef = 1875F0761EC1983F00F42922 /* NSAttributedString+MLExpression.m */; };
		1875F0901EC1983F00F42922 /* NSString+MLExpression.m in Sources */ = {isa = PBXBuildFile; fileRef = 1875F0781EC1983F00F42922 /* NSString+MLExpression.m */; };
		1875F0911EC1983F00F42922 /* MLLabelLayoutManager.m in Sources */ = {isa = PBXBuildFile; fileRef = 1875F07C1EC1983F00F42922 /* MLLabelLayoutManager.m */; };
		1875F0921EC1983F00F42922 /* MLLabel.m in Sources */ = {isa = PBXBuildFile; fileRef = 1875F07E1EC1983F00F42922 /* MLLabel.m */; };
		1875F0931EC1983F00F42922 /* MLLinkLabel.m in Sources */ = {isa = PBXBuildFile; fileRef = 1875F0801EC1983F00F42922 /* MLLinkLabel.m */; };
		1875F0941EC1983F00F42922 /* LICENSE in Resources */ = {isa = PBXBuildFile; fileRef = 1875F0811EC1983F00F42922 /* LICENSE */; };
		1875F0951EC1983F00F42922 /* README.md in Sources */ = {isa = PBXBuildFile; fileRef = 1875F0821EC1983F00F42922 /* README.md */; };
		1875F0961EC1983F00F42922 /* TTTAttributedLabel.m in Sources */ = {isa = PBXBuildFile; fileRef = 1875F0851EC1983F00F42922 /* TTTAttributedLabel.m */; };
		18A87E271ECBF4D3003FFA1E /* 1_01.png in Resources */ = {isa = PBXBuildFile; fileRef = 18A87E0B1ECBF4D3003FFA1E /* 1_01.png */; };
		18A87E281ECBF4D3003FFA1E /* 1_02.png in Resources */ = {isa = PBXBuildFile; fileRef = 18A87E0C1ECBF4D3003FFA1E /* 1_02.png */; };
		18A87E291ECBF4D3003FFA1E /* 1_03.png in Resources */ = {isa = PBXBuildFile; fileRef = 18A87E0D1ECBF4D3003FFA1E /* 1_03.png */; };
		18A87E2A1ECBF4D3003FFA1E /* 1_04.png in Resources */ = {isa = PBXBuildFile; fileRef = 18A87E0E1ECBF4D3003FFA1E /* 1_04.png */; };
		18A87E2B1ECBF4D3003FFA1E /* 1_05.png in Resources */ = {isa = PBXBuildFile; fileRef = 18A87E0F1ECBF4D3003FFA1E /* 1_05.png */; };
		18A87E2C1ECBF4D3003FFA1E /* 2_01.png in Resources */ = {isa = PBXBuildFile; fileRef = 18A87E101ECBF4D3003FFA1E /* 2_01.png */; };
		18A87E2D1ECBF4D3003FFA1E /* 2_02.png in Resources */ = {isa = PBXBuildFile; fileRef = 18A87E111ECBF4D3003FFA1E /* 2_02.png */; };
		18A87E2E1ECBF4D3003FFA1E /* 2_03.png in Resources */ = {isa = PBXBuildFile; fileRef = 18A87E121ECBF4D3003FFA1E /* 2_03.png */; };
		18A87E2F1ECBF4D3003FFA1E /* 3_01.png in Resources */ = {isa = PBXBuildFile; fileRef = 18A87E131ECBF4D3003FFA1E /* 3_01.png */; };
		18A87E301ECBF4D3003FFA1E /* 3_02.png in Resources */ = {isa = PBXBuildFile; fileRef = 18A87E141ECBF4D3003FFA1E /* 3_02.png */; };
		18A87E311ECBF4D3003FFA1E /* 3_03.png in Resources */ = {isa = PBXBuildFile; fileRef = 18A87E151ECBF4D3003FFA1E /* 3_03.png */; };
		18A87E321ECBF4D3003FFA1E /* 3_04.png in Resources */ = {isa = PBXBuildFile; fileRef = 18A87E161ECBF4D3003FFA1E /* 3_04.png */; };
		18A87E331ECBF4D3003FFA1E /* 3_05.png in Resources */ = {isa = PBXBuildFile; fileRef = 18A87E171ECBF4D3003FFA1E /* 3_05.png */; };
		18A87E341ECBF4D3003FFA1E /* 5_01.png in Resources */ = {isa = PBXBuildFile; fileRef = 18A87E181ECBF4D3003FFA1E /* 5_01.png */; };
		18A87E351ECBF4D3003FFA1E /* 5_02.png in Resources */ = {isa = PBXBuildFile; fileRef = 18A87E191ECBF4D3003FFA1E /* 5_02.png */; };
		18A87E361ECBF4D3003FFA1E /* 5_03.png in Resources */ = {isa = PBXBuildFile; fileRef = 18A87E1A1ECBF4D3003FFA1E /* 5_03.png */; };
		18A87E371ECBF4D3003FFA1E /* 5_04.png in Resources */ = {isa = PBXBuildFile; fileRef = 18A87E1B1ECBF4D3003FFA1E /* 5_04.png */; };
		18A87E381ECBF4D3003FFA1E /* 5_05.png in Resources */ = {isa = PBXBuildFile; fileRef = 18A87E1C1ECBF4D3003FFA1E /* 5_05.png */; };
		18A87E391ECBF4D3003FFA1E /* run1.png in Resources */ = {isa = PBXBuildFile; fileRef = 18A87E1E1ECBF4D3003FFA1E /* run1.png */; };
		18A87E3A1ECBF4D3003FFA1E /* run2.png in Resources */ = {isa = PBXBuildFile; fileRef = 18A87E1F1ECBF4D3003FFA1E /* run2.png */; };
		18A87E3B1ECBF4D3003FFA1E /* run3.png in Resources */ = {isa = PBXBuildFile; fileRef = 18A87E201ECBF4D3003FFA1E /* run3.png */; };
		18A87E3C1ECBF4D3003FFA1E /* run4.png in Resources */ = {isa = PBXBuildFile; fileRef = 18A87E211ECBF4D3003FFA1E /* run4.png */; };
		18A87E3D1ECBF4D3003FFA1E /* run5.png in Resources */ = {isa = PBXBuildFile; fileRef = 18A87E221ECBF4D3003FFA1E /* run5.png */; };
		18A87E3E1ECBF4D3003FFA1E /* run6.png in Resources */ = {isa = PBXBuildFile; fileRef = 18A87E231ECBF4D3003FFA1E /* run6.png */; };
		18A87E3F1ECBF4D3003FFA1E /* run7.png in Resources */ = {isa = PBXBuildFile; fileRef = 18A87E241ECBF4D3003FFA1E /* run7.png */; };
		18A87E401ECBF4D3003FFA1E /* run8.png in Resources */ = {isa = PBXBuildFile; fileRef = 18A87E251ECBF4D3003FFA1E /* run8.png */; };
		18A87E411ECBF4D3003FFA1E /* run9.png in Resources */ = {isa = PBXBuildFile; fileRef = 18A87E261ECBF4D3003FFA1E /* run9.png */; };
		18A87E441ECBF4F7003FFA1E /* GuidePageViewController.m in Sources */ = {isa = PBXBuildFile; fileRef = 18A87E431ECBF4F7003FFA1E /* GuidePageViewController.m */; };
		18BDE39D1EB872A700BED8DC /* MGOperationMenu.m in Sources */ = {isa = PBXBuildFile; fileRef = 18BDE39C1EB872A700BED8DC /* MGOperationMenu.m */; };
		2129F591954E4EAA6D6E8980 /* libPods-CirCleOfFriend.a in Frameworks */ = {isa = PBXBuildFile; fileRef = F2335360D6980547DCAD2A2B /* libPods-CirCleOfFriend.a */; };
/* End PBXBuildFile section */

/* Begin PBXContainerItemProxy section */
		185828951EA87E4600655A5E /* PBXContainerItemProxy */ = {
			isa = PBXContainerItemProxy;
			containerPortal = 185828731EA87E4600655A5E /* Project object */;
			proxyType = 1;
			remoteGlobalIDString = 1858287A1EA87E4600655A5E;
			remoteInfo = CirCleOfFriend;
		};
		185828A01EA87E4600655A5E /* PBXContainerItemProxy */ = {
			isa = PBXContainerItemProxy;
			containerPortal = 185828731EA87E4600655A5E /* Project object */;
			proxyType = 1;
			remoteGlobalIDString = 1858287A1EA87E4600655A5E;
			remoteInfo = CirCleOfFriend;
		};
/* End PBXContainerItemProxy section */

/* Begin PBXFileReference section */
		181E713D1EC9566F00DAAD4F /* textViewController.h */ = {isa = PBXFileReference; fileEncoding = 4; lastKnownFileType = sourcecode.c.h; path = textViewController.h; sourceTree = "<group>"; };
		181E713E1EC9566F00DAAD4F /* textViewController.m */ = {isa = PBXFileReference; fileEncoding = 4; lastKnownFileType = sourcecode.c.objc; path = textViewController.m; sourceTree = "<group>"; };
		183B13AA1EAE56C7009DCC28 /* MGPhotoContainerView.h */ = {isa = PBXFileReference; fileEncoding = 4; lastKnownFileType = sourcecode.c.h; path = MGPhotoContainerView.h; sourceTree = "<group>"; };
		183B13AB1EAE56C7009DCC28 /* MGPhotoContainerView.m */ = {isa = PBXFileReference; fileEncoding = 4; lastKnownFileType = sourcecode.c.objc; path = MGPhotoContainerView.m; sourceTree = "<group>"; };
		183B13AF1EAE5870009DCC28 /* SDBrowserImageView.h */ = {isa = PBXFileReference; fileEncoding = 4; lastKnownFileType = sourcecode.c.h; path = SDBrowserImageView.h; sourceTree = "<group>"; };
		183B13B01EAE5870009DCC28 /* SDBrowserImageView.m */ = {isa = PBXFileReference; fileEncoding = 4; lastKnownFileType = sourcecode.c.objc; path = SDBrowserImageView.m; sourceTree = "<group>"; };
		183B13B11EAE5870009DCC28 /* SDPhotoBrowser.h */ = {isa = PBXFileReference; fileEncoding = 4; lastKnownFileType = sourcecode.c.h; path = SDPhotoBrowser.h; sourceTree = "<group>"; };
		183B13B21EAE5870009DCC28 /* SDPhotoBrowser.m */ = {isa = PBXFileReference; fileEncoding = 4; lastKnownFileType = sourcecode.c.objc; path = SDPhotoBrowser.m; sourceTree = "<group>"; };
		183B13B31EAE5870009DCC28 /* SDPhotoBrowserConfig.h */ = {isa = PBXFileReference; fileEncoding = 4; lastKnownFileType = sourcecode.c.h; path = SDPhotoBrowserConfig.h; sourceTree = "<group>"; };
		183B13B41EAE5870009DCC28 /* SDWaitingView.h */ = {isa = PBXFileReference; fileEncoding = 4; lastKnownFileType = sourcecode.c.h; path = SDWaitingView.h; sourceTree = "<group>"; };
		183B13B51EAE5870009DCC28 /* SDWaitingView.m */ = {isa = PBXFileReference; fileEncoding = 4; lastKnownFileType = sourcecode.c.objc; path = SDWaitingView.m; sourceTree = "<group>"; };
		1858287B1EA87E4600655A5E /* CirCleOfFriend.app */ = {isa = PBXFileReference; explicitFileType = wrapper.application; includeInIndex = 0; path = CirCleOfFriend.app; sourceTree = BUILT_PRODUCTS_DIR; };
		1858287F1EA87E4600655A5E /* main.m */ = {isa = PBXFileReference; lastKnownFileType = sourcecode.c.objc; path = main.m; sourceTree = "<group>"; };
		185828811EA87E4600655A5E /* AppDelegate.h */ = {isa = PBXFileReference; lastKnownFileType = sourcecode.c.h; path = AppDelegate.h; sourceTree = "<group>"; };
		185828821EA87E4600655A5E /* AppDelegate.m */ = {isa = PBXFileReference; lastKnownFileType = sourcecode.c.objc; path = AppDelegate.m; sourceTree = "<group>"; };
		185828881EA87E4600655A5E /* Base */ = {isa = PBXFileReference; lastKnownFileType = file.storyboard; name = Base; path = Base.lproj/Main.storyboard; sourceTree = "<group>"; };
		1858288D1EA87E4600655A5E /* Base */ = {isa = PBXFileReference; lastKnownFileType = file.storyboard; name = Base; path = Base.lproj/LaunchScreen.storyboard; sourceTree = "<group>"; };
		1858288F1EA87E4600655A5E /* Info.plist */ = {isa = PBXFileReference; lastKnownFileType = text.plist.xml; path = Info.plist; sourceTree = "<group>"; };
		185828941EA87E4600655A5E /* CirCleOfFriendTests.xctest */ = {isa = PBXFileReference; explicitFileType = wrapper.cfbundle; includeInIndex = 0; path = CirCleOfFriendTests.xctest; sourceTree = BUILT_PRODUCTS_DIR; };
		185828981EA87E4600655A5E /* CirCleOfFriendTests.m */ = {isa = PBXFileReference; lastKnownFileType = sourcecode.c.objc; path = CirCleOfFriendTests.m; sourceTree = "<group>"; };
		1858289A1EA87E4600655A5E /* Info.plist */ = {isa = PBXFileReference; lastKnownFileType = text.plist.xml; path = Info.plist; sourceTree = "<group>"; };
		1858289F1EA87E4600655A5E /* CirCleOfFriendUITests.xctest */ = {isa = PBXFileReference; explicitFileType = wrapper.cfbundle; includeInIndex = 0; path = CirCleOfFriendUITests.xctest; sourceTree = BUILT_PRODUCTS_DIR; };
		185828A31EA87E4600655A5E /* CirCleOfFriendUITests.m */ = {isa = PBXFileReference; lastKnownFileType = sourcecode.c.objc; path = CirCleOfFriendUITests.m; sourceTree = "<group>"; };
		185828A51EA87E4600655A5E /* Info.plist */ = {isa = PBXFileReference; lastKnownFileType = text.plist.xml; path = Info.plist; sourceTree = "<group>"; };
		185828B61EA88B2D00655A5E /* MGBaseTabBarController.h */ = {isa = PBXFileReference; fileEncoding = 4; lastKnownFileType = sourcecode.c.h; path = MGBaseTabBarController.h; sourceTree = "<group>"; };
		185828B71EA88B2D00655A5E /* MGBaseTabBarController.m */ = {isa = PBXFileReference; fileEncoding = 4; lastKnownFileType = sourcecode.c.objc; path = MGBaseTabBarController.m; sourceTree = "<group>"; };
		185828B91EA88B5400655A5E /* MGTabBar.h */ = {isa = PBXFileReference; fileEncoding = 4; lastKnownFileType = sourcecode.c.h; path = MGTabBar.h; sourceTree = "<group>"; };
		185828BA1EA88B5400655A5E /* MGTabBar.m */ = {isa = PBXFileReference; fileEncoding = 4; lastKnownFileType = sourcecode.c.objc; path = MGTabBar.m; sourceTree = "<group>"; };
		185828BC1EA88DEF00655A5E /* MGTabBarButton.h */ = {isa = PBXFileReference; fileEncoding = 4; lastKnownFileType = sourcecode.c.h; path = MGTabBarButton.h; sourceTree = "<group>"; };
		185828BD1EA88DEF00655A5E /* MGTabBarButton.m */ = {isa = PBXFileReference; fileEncoding = 4; lastKnownFileType = sourcecode.c.objc; path = MGTabBarButton.m; sourceTree = "<group>"; };
		185828C51EA99CAD00655A5E /* BaseViewController.h */ = {isa = PBXFileReference; fileEncoding = 4; lastKnownFileType = sourcecode.c.h; path = BaseViewController.h; sourceTree = "<group>"; };
		185828C61EA99CAD00655A5E /* BaseViewController.m */ = {isa = PBXFileReference; fileEncoding = 4; lastKnownFileType = sourcecode.c.objc; path = BaseViewController.m; sourceTree = "<group>"; };
		185828C81EA9B6FE00655A5E /* CircleFriendViewController.h */ = {isa = PBXFileReference; fileEncoding = 4; lastKnownFileType = sourcecode.c.h; path = CircleFriendViewController.h; sourceTree = "<group>"; };
		185828C91EA9B6FE00655A5E /* CircleFriendViewController.m */ = {isa = PBXFileReference; fileEncoding = 4; lastKnownFileType = sourcecode.c.objc; path = CircleFriendViewController.m; sourceTree = "<group>"; };
		185828CF1EA9F81700655A5E /* CircleFriendCell.h */ = {isa = PBXFileReference; fileEncoding = 4; lastKnownFileType = sourcecode.c.h; path = CircleFriendCell.h; sourceTree = "<group>"; };
		185828D01EA9F81700655A5E /* CircleFriendCell.m */ = {isa = PBXFileReference; fileEncoding = 4; lastKnownFileType = sourcecode.c.objc; path = CircleFriendCell.m; sourceTree = "<group>"; };
		185828D21EA9FE7A00655A5E /* CircleFriendModel.h */ = {isa = PBXFileReference; fileEncoding = 4; lastKnownFileType = sourcecode.c.h; path = CircleFriendModel.h; sourceTree = "<group>"; };
		185828D31EA9FE7A00655A5E /* CircleFriendModel.m */ = {isa = PBXFileReference; fileEncoding = 4; lastKnownFileType = sourcecode.c.objc; path = CircleFriendModel.m; sourceTree = "<group>"; };
		185828D71EADA10E00655A5E /* 10.jpg */ = {isa = PBXFileReference; lastKnownFileType = image.jpeg; path = 10.jpg; sourceTree = "<group>"; };
		185828D81EADA10E00655A5E /* 11.jpg */ = {isa = PBXFileReference; lastKnownFileType = image.jpeg; path = 11.jpg; sourceTree = "<group>"; };
		185828D91EADA10E00655A5E /* 12.jpg */ = {isa = PBXFileReference; lastKnownFileType = image.jpeg; path = 12.jpg; sourceTree = "<group>"; };
		185828DA1EADA10E00655A5E /* 13.jpg */ = {isa = PBXFileReference; lastKnownFileType = image.jpeg; path = 13.jpg; sourceTree = "<group>"; };
		185828DB1EADA10E00655A5E /* 14.jpg */ = {isa = PBXFileReference; lastKnownFileType = image.jpeg; path = 14.jpg; sourceTree = "<group>"; };
		185828E11EADA15D00655A5E /* 15.jpg */ = {isa = PBXFileReference; lastKnownFileType = image.jpeg; path = 15.jpg; sourceTree = "<group>"; };
		185828E21EADA15D00655A5E /* 16.jpg */ = {isa = PBXFileReference; lastKnownFileType = image.jpeg; path = 16.jpg; sourceTree = "<group>"; };
		185828E31EADA15D00655A5E /* 17.jpg */ = {isa = PBXFileReference; lastKnownFileType = image.jpeg; path = 17.jpg; sourceTree = "<group>"; };
		185828E41EADA15D00655A5E /* 18.jpg */ = {isa = PBXFileReference; lastKnownFileType = image.jpeg; path = 18.jpg; sourceTree = "<group>"; };
		185B239F1EC59F6F00A5AEF2 /* MGMineViewController.h */ = {isa = PBXFileReference; fileEncoding = 4; lastKnownFileType = sourcecode.c.h; path = MGMineViewController.h; sourceTree = "<group>"; };
		185B23A01EC59F6F00A5AEF2 /* MGMineViewController.m */ = {isa = PBXFileReference; fileEncoding = 4; lastKnownFileType = sourcecode.c.objc; path = MGMineViewController.m; sourceTree = "<group>"; };
		185B23A31EC59F8C00A5AEF2 /* MGMineParentClassScrollViewController.h */ = {isa = PBXFileReference; fileEncoding = 4; lastKnownFileType = sourcecode.c.h; path = MGMineParentClassScrollViewController.h; sourceTree = "<group>"; };
		185B23A41EC59F8C00A5AEF2 /* MGMineParentClassScrollViewController.m */ = {isa = PBXFileReference; fileEncoding = 4; lastKnownFileType = sourcecode.c.objc; path = MGMineParentClassScrollViewController.m; sourceTree = "<group>"; };
		185B23A71EC5A5F900A5AEF2 /* MGMineSubViewController.h */ = {isa = PBXFileReference; fileEncoding = 4; lastKnownFileType = sourcecode.c.h; path = MGMineSubViewController.h; sourceTree = "<group>"; };
		185B23A81EC5A5F900A5AEF2 /* MGMineSubViewController.m */ = {isa = PBXFileReference; fileEncoding = 4; lastKnownFileType = sourcecode.c.objc; path = MGMineSubViewController.m; sourceTree = "<group>"; };
		18626CC81EC31EF300830CF7 /* MGMainTouchTableTableView.h */ = {isa = PBXFileReference; fileEncoding = 4; lastKnownFileType = sourcecode.c.h; path = MGMainTouchTableTableView.h; sourceTree = "<group>"; };
		18626CC91EC31EF300830CF7 /* MGMainTouchTableTableView.m */ = {isa = PBXFileReference; fileEncoding = 4; lastKnownFileType = sourcecode.c.objc; path = MGMainTouchTableTableView.m; sourceTree = "<group>"; };
		18626CCC1EC3253C00830CF7 /* MGMineHeaderView.h */ = {isa = PBXFileReference; fileEncoding = 4; lastKnownFileType = sourcecode.c.h; path = MGMineHeaderView.h; sourceTree = "<group>"; };
		18626CCD1EC3253C00830CF7 /* MGMineHeaderView.m */ = {isa = PBXFileReference; fileEncoding = 4; lastKnownFileType = sourcecode.c.objc; path = MGMineHeaderView.m; sourceTree = "<group>"; };
		18626CD01EC43BD200830CF7 /* MGMineSegmentView.h */ = {isa = PBXFileReference; fileEncoding = 4; lastKnownFileType = sourcecode.c.h; path = MGMineSegmentView.h; sourceTree = "<group>"; };
		18626CD11EC43BD200830CF7 /* MGMineSegmentView.m */ = {isa = PBXFileReference; fileEncoding = 4; lastKnownFileType = sourcecode.c.objc; path = MGMineSegmentView.m; sourceTree = "<group>"; };
		1875F05C1EC15F4B00F42922 /* MGCommentView.h */ = {isa = PBXFileReference; fileEncoding = 4; lastKnownFileType = sourcecode.c.h; path = MGCommentView.h; sourceTree = "<group>"; };
		1875F05D1EC15F4B00F42922 /* MGCommentView.m */ = {isa = PBXFileReference; fileEncoding = 4; lastKnownFileType = sourcecode.c.objc; path = MGCommentView.m; sourceTree = "<group>"; };
		1875F05F1EC1624F00F42922 /* Assets.xcassets */ = {isa = PBXFileReference; lastKnownFileType = folder.assetcatalog; path = Assets.xcassets; sourceTree = "<group>"; };
		1875F0621EC1983F00F42922 /* MLEmoji_Expression.bundle */ = {isa = PBXFileReference; lastKnownFileType = "wrapper.plug-in"; path = MLEmoji_Expression.bundle; sourceTree = "<group>"; };
		1875F0631EC1983F00F42922 /* MLEmoji_Expression.plist */ = {isa = PBXFileReference; fileEncoding = 4; lastKnownFileType = text.plist.xml; path = MLEmoji_Expression.plist; sourceTree = "<group>"; };
		1875F0641EC1983F00F42922 /* MLEmoji_ExpressionImage.plist */ = {isa = PBXFileReference; fileEncoding = 4; lastKnownFileType = text.plist.xml; path = MLEmoji_ExpressionImage.plist; sourceTree = "<group>"; };
		1875F0651EC1983F00F42922 /* MLEmojiLabel.h */ = {isa = PBXFileReference; fileEncoding = 4; lastKnownFileType = sourcecode.c.h; path = MLEmojiLabel.h; sourceTree = "<group>"; };
		1875F0661EC1983F00F42922 /* MLEmojiLabel.m */ = {isa = PBXFileReference; fileEncoding = 4; lastKnownFileType = sourcecode.c.objc; path = MLEmojiLabel.m; sourceTree = "<group>"; };
		1875F06A1EC1983F00F42922 /* NSAttributedString+MLLabel.h */ = {isa = PBXFileReference; fileEncoding = 4; lastKnownFileType = sourcecode.c.h; path = "NSAttributedString+MLLabel.h"; sourceTree = "<group>"; };
		1875F06B1EC1983F00F42922 /* NSAttributedString+MLLabel.m */ = {isa = PBXFileReference; fileEncoding = 4; lastKnownFileType = sourcecode.c.objc; path = "NSAttributedString+MLLabel.m"; sourceTree = "<group>"; };
		1875F06C1EC1983F00F42922 /* NSMutableAttributedString+MLLabel.h */ = {isa = PBXFileReference; fileEncoding = 4; lastKnownFileType = sourcecode.c.h; path = "NSMutableAttributedString+MLLabel.h"; sourceTree = "<group>"; };
		1875F06D1EC1983F00F42922 /* NSMutableAttributedString+MLLabel.m */ = {isa = PBXFileReference; fileEncoding = 4; lastKnownFileType = sourcecode.c.objc; path = "NSMutableAttributedString+MLLabel.m"; sourceTree = "<group>"; };
		1875F06E1EC1983F00F42922 /* NSString+MLLabel.h */ = {isa = PBXFileReference; fileEncoding = 4; lastKnownFileType = sourcecode.c.h; path = "NSString+MLLabel.h"; sourceTree = "<group>"; };
		1875F06F1EC1983F00F42922 /* NSString+MLLabel.m */ = {isa = PBXFileReference; fileEncoding = 4; lastKnownFileType = sourcecode.c.objc; path = "NSString+MLLabel.m"; sourceTree = "<group>"; };
		1875F0711EC1983F00F42922 /* MLExpressionManager.h */ = {isa = PBXFileReference; fileEncoding = 4; lastKnownFileType = sourcecode.c.h; path = MLExpressionManager.h; sourceTree = "<group>"; };
		1875F0721EC1983F00F42922 /* MLExpressionManager.m */ = {isa = PBXFileReference; fileEncoding = 4; lastKnownFileType = sourcecode.c.objc; path = MLExpressionManager.m; sourceTree = "<group>"; };
		1875F0731EC1983F00F42922 /* MLTextAttachment.h */ = {isa = PBXFileReference; fileEncoding = 4; lastKnownFileType = sourcecode.c.h; path = MLTextAttachment.h; sourceTree = "<group>"; };
		1875F0741EC1983F00F42922 /* MLTextAttachment.m */ = {isa = PBXFileReference; fileEncoding = 4; lastKnownFileType = sourcecode.c.objc; path = MLTextAttachment.m; sourceTree = "<group>"; };
		1875F0751EC1983F00F42922 /* NSAttributedString+MLExpression.h */ = {isa = PBXFileReference; fileEncoding = 4; lastKnownFileType = sourcecode.c.h; path = "NSAttributedString+MLExpression.h"; sourceTree = "<group>"; };
		1875F0761EC1983F00F42922 /* NSAttributedString+MLExpression.m */ = {isa = PBXFileReference; fileEncoding = 4; lastKnownFileType = sourcecode.c.objc; path = "NSAttributedString+MLExpression.m"; sourceTree = "<group>"; };
		1875F0771EC1983F00F42922 /* NSString+MLExpression.h */ = {isa = PBXFileReference; fileEncoding = 4; lastKnownFileType = sourcecode.c.h; path = "NSString+MLExpression.h"; sourceTree = "<group>"; };
		1875F0781EC1983F00F42922 /* NSString+MLExpression.m */ = {isa = PBXFileReference; fileEncoding = 4; lastKnownFileType = sourcecode.c.objc; path = "NSString+MLExpression.m"; sourceTree = "<group>"; };
		1875F07A1EC1983F00F42922 /* MLLabel+Override.h */ = {isa = PBXFileReference; fileEncoding = 4; lastKnownFileType = sourcecode.c.h; path = "MLLabel+Override.h"; sourceTree = "<group>"; };
		1875F07B1EC1983F00F42922 /* MLLabelLayoutManager.h */ = {isa = PBXFileReference; fileEncoding = 4; lastKnownFileType = sourcecode.c.h; path = MLLabelLayoutManager.h; sourceTree = "<group>"; };
		1875F07C1EC1983F00F42922 /* MLLabelLayoutManager.m */ = {isa = PBXFileReference; fileEncoding = 4; lastKnownFileType = sourcecode.c.objc; path = MLLabelLayoutManager.m; sourceTree = "<group>"; };
		1875F07D1EC1983F00F42922 /* MLLabel.h */ = {isa = PBXFileReference; fileEncoding = 4; lastKnownFileType = sourcecode.c.h; path = MLLabel.h; sourceTree = "<group>"; };
		1875F07E1EC1983F00F42922 /* MLLabel.m */ = {isa = PBXFileReference; fileEncoding = 4; lastKnownFileType = sourcecode.c.objc; path = MLLabel.m; sourceTree = "<group>"; };
		1875F07F1EC1983F00F42922 /* MLLinkLabel.h */ = {isa = PBXFileReference; fileEncoding = 4; lastKnownFileType = sourcecode.c.h; path = MLLinkLabel.h; sourceTree = "<group>"; };
		1875F0801EC1983F00F42922 /* MLLinkLabel.m */ = {isa = PBXFileReference; fileEncoding = 4; lastKnownFileType = sourcecode.c.objc; path = MLLinkLabel.m; sourceTree = "<group>"; };
		1875F0811EC1983F00F42922 /* LICENSE */ = {isa = PBXFileReference; fileEncoding = 4; lastKnownFileType = text; path = LICENSE; sourceTree = "<group>"; };
		1875F0821EC1983F00F42922 /* README.md */ = {isa = PBXFileReference; fileEncoding = 4; lastKnownFileType = net.daringfireball.markdown; path = README.md; sourceTree = "<group>"; };
		1875F0841EC1983F00F42922 /* TTTAttributedLabel.h */ = {isa = PBXFileReference; fileEncoding = 4; lastKnownFileType = sourcecode.c.h; path = TTTAttributedLabel.h; sourceTree = "<group>"; };
		1875F0851EC1983F00F42922 /* TTTAttributedLabel.m */ = {isa = PBXFileReference; fileEncoding = 4; lastKnownFileType = sourcecode.c.objc; path = TTTAttributedLabel.m; sourceTree = "<group>"; };
		18A87E0B1ECBF4D3003FFA1E /* 1_01.png */ = {isa = PBXFileReference; lastKnownFileType = image.png; path = 1_01.png; sourceTree = "<group>"; };
		18A87E0C1ECBF4D3003FFA1E /* 1_02.png */ = {isa = PBXFileReference; lastKnownFileType = image.png; path = 1_02.png; sourceTree = "<group>"; };
		18A87E0D1ECBF4D3003FFA1E /* 1_03.png */ = {isa = PBXFileReference; lastKnownFileType = image.png; path = 1_03.png; sourceTree = "<group>"; };
		18A87E0E1ECBF4D3003FFA1E /* 1_04.png */ = {isa = PBXFileReference; lastKnownFileType = image.png; path = 1_04.png; sourceTree = "<group>"; };
		18A87E0F1ECBF4D3003FFA1E /* 1_05.png */ = {isa = PBXFileReference; lastKnownFileType = image.png; path = 1_05.png; sourceTree = "<group>"; };
		18A87E101ECBF4D3003FFA1E /* 2_01.png */ = {isa = PBXFileReference; lastKnownFileType = image.png; path = 2_01.png; sourceTree = "<group>"; };
		18A87E111ECBF4D3003FFA1E /* 2_02.png */ = {isa = PBXFileReference; lastKnownFileType = image.png; path = 2_02.png; sourceTree = "<group>"; };
		18A87E121ECBF4D3003FFA1E /* 2_03.png */ = {isa = PBXFileReference; lastKnownFileType = image.png; path = 2_03.png; sourceTree = "<group>"; };
		18A87E131ECBF4D3003FFA1E /* 3_01.png */ = {isa = PBXFileReference; lastKnownFileType = image.png; path = 3_01.png; sourceTree = "<group>"; };
		18A87E141ECBF4D3003FFA1E /* 3_02.png */ = {isa = PBXFileReference; lastKnownFileType = image.png; path = 3_02.png; sourceTree = "<group>"; };
		18A87E151ECBF4D3003FFA1E /* 3_03.png */ = {isa = PBXFileReference; lastKnownFileType = image.png; path = 3_03.png; sourceTree = "<group>"; };
		18A87E161ECBF4D3003FFA1E /* 3_04.png */ = {isa = PBXFileReference; lastKnownFileType = image.png; path = 3_04.png; sourceTree = "<group>"; };
		18A87E171ECBF4D3003FFA1E /* 3_05.png */ = {isa = PBXFileReference; lastKnownFileType = image.png; path = 3_05.png; sourceTree = "<group>"; };
		18A87E181ECBF4D3003FFA1E /* 5_01.png */ = {isa = PBXFileReference; lastKnownFileType = image.png; path = 5_01.png; sourceTree = "<group>"; };
		18A87E191ECBF4D3003FFA1E /* 5_02.png */ = {isa = PBXFileReference; lastKnownFileType = image.png; path = 5_02.png; sourceTree = "<group>"; };
		18A87E1A1ECBF4D3003FFA1E /* 5_03.png */ = {isa = PBXFileReference; lastKnownFileType = image.png; path = 5_03.png; sourceTree = "<group>"; };
		18A87E1B1ECBF4D3003FFA1E /* 5_04.png */ = {isa = PBXFileReference; lastKnownFileType = image.png; path = 5_04.png; sourceTree = "<group>"; };
		18A87E1C1ECBF4D3003FFA1E /* 5_05.png */ = {isa = PBXFileReference; lastKnownFileType = image.png; path = 5_05.png; sourceTree = "<group>"; };
		18A87E1E1ECBF4D3003FFA1E /* run1.png */ = {isa = PBXFileReference; lastKnownFileType = image.png; path = run1.png; sourceTree = "<group>"; };
		18A87E1F1ECBF4D3003FFA1E /* run2.png */ = {isa = PBXFileReference; lastKnownFileType = image.png; path = run2.png; sourceTree = "<group>"; };
		18A87E201ECBF4D3003FFA1E /* run3.png */ = {isa = PBXFileReference; lastKnownFileType = image.png; path = run3.png; sourceTree = "<group>"; };
		18A87E211ECBF4D3003FFA1E /* run4.png */ = {isa = PBXFileReference; lastKnownFileType = image.png; path = run4.png; sourceTree = "<group>"; };
		18A87E221ECBF4D3003FFA1E /* run5.png */ = {isa = PBXFileReference; lastKnownFileType = image.png; path = run5.png; sourceTree = "<group>"; };
		18A87E231ECBF4D3003FFA1E /* run6.png */ = {isa = PBXFileReference; lastKnownFileType = image.png; path = run6.png; sourceTree = "<group>"; };
		18A87E241ECBF4D3003FFA1E /* run7.png */ = {isa = PBXFileReference; lastKnownFileType = image.png; path = run7.png; sourceTree = "<group>"; };
		18A87E251ECBF4D3003FFA1E /* run8.png */ = {isa = PBXFileReference; lastKnownFileType = image.png; path = run8.png; sourceTree = "<group>"; };
		18A87E261ECBF4D3003FFA1E /* run9.png */ = {isa = PBXFileReference; lastKnownFileType = image.png; path = run9.png; sourceTree = "<group>"; };
		18A87E421ECBF4F7003FFA1E /* GuidePageViewController.h */ = {isa = PBXFileReference; fileEncoding = 4; lastKnownFileType = sourcecode.c.h; path = GuidePageViewController.h; sourceTree = "<group>"; };
		18A87E431ECBF4F7003FFA1E /* GuidePageViewController.m */ = {isa = PBXFileReference; fileEncoding = 4; lastKnownFileType = sourcecode.c.objc; path = GuidePageViewController.m; sourceTree = "<group>"; };
		18BDE39B1EB872A700BED8DC /* MGOperationMenu.h */ = {isa = PBXFileReference; fileEncoding = 4; lastKnownFileType = sourcecode.c.h; path = MGOperationMenu.h; sourceTree = "<group>"; };
		18BDE39C1EB872A700BED8DC /* MGOperationMenu.m */ = {isa = PBXFileReference; fileEncoding = 4; lastKnownFileType = sourcecode.c.objc; path = MGOperationMenu.m; sourceTree = "<group>"; };
		6F6ED07EE0618D5EE3A66F0D /* Pods-CirCleOfFriend.release.xcconfig */ = {isa = PBXFileReference; includeInIndex = 1; lastKnownFileType = text.xcconfig; name = "Pods-CirCleOfFriend.release.xcconfig"; path = "Pods/Target Support Files/Pods-CirCleOfFriend/Pods-CirCleOfFriend.release.xcconfig"; sourceTree = "<group>"; };
		B419C6D9A4FFBF33AD432749 /* Pods-CirCleOfFriend.debug.xcconfig */ = {isa = PBXFileReference; includeInIndex = 1; lastKnownFileType = text.xcconfig; name = "Pods-CirCleOfFriend.debug.xcconfig"; path = "Pods/Target Support Files/Pods-CirCleOfFriend/Pods-CirCleOfFriend.debug.xcconfig"; sourceTree = "<group>"; };
		F2335360D6980547DCAD2A2B /* libPods-CirCleOfFriend.a */ = {isa = PBXFileReference; explicitFileType = archive.ar; includeInIndex = 0; path = "libPods-CirCleOfFriend.a"; sourceTree = BUILT_PRODUCTS_DIR; };
/* End PBXFileReference section */

/* Begin PBXFrameworksBuildPhase section */
		185828781EA87E4600655A5E /* Frameworks */ = {
			isa = PBXFrameworksBuildPhase;
			buildActionMask = 2147483647;
			files = (
				2129F591954E4EAA6D6E8980 /* libPods-CirCleOfFriend.a in Frameworks */,
			);
			runOnlyForDeploymentPostprocessing = 0;
		};
		185828911EA87E4600655A5E /* Frameworks */ = {
			isa = PBXFrameworksBuildPhase;
			buildActionMask = 2147483647;
			files = (
			);
			runOnlyForDeploymentPostprocessing = 0;
		};
		1858289C1EA87E4600655A5E /* Frameworks */ = {
			isa = PBXFrameworksBuildPhase;
			buildActionMask = 2147483647;
			files = (
			);
			runOnlyForDeploymentPostprocessing = 0;
		};
/* End PBXFrameworksBuildPhase section */

/* Begin PBXGroup section */
		183B13A91EAE56AD009DCC28 /* MGPhotoContainer */ = {
			isa = PBXGroup;
			children = (
				183B13AA1EAE56C7009DCC28 /* MGPhotoContainerView.h */,
				183B13AB1EAE56C7009DCC28 /* MGPhotoContainerView.m */,
			);
			path = MGPhotoContainer;
			sourceTree = "<group>";
		};
		183B13AD1EAE5870009DCC28 /* Lib */ = {
			isa = PBXGroup;
			children = (
				1875F0611EC1983F00F42922 /* MLEmojiLabel */,
				183B13AE1EAE5870009DCC28 /* SDPhotoBrowser */,
			);
			path = Lib;
			sourceTree = "<group>";
		};
		183B13AE1EAE5870009DCC28 /* SDPhotoBrowser */ = {
			isa = PBXGroup;
			children = (
				183B13AF1EAE5870009DCC28 /* SDBrowserImageView.h */,
				183B13B01EAE5870009DCC28 /* SDBrowserImageView.m */,
				183B13B11EAE5870009DCC28 /* SDPhotoBrowser.h */,
				183B13B21EAE5870009DCC28 /* SDPhotoBrowser.m */,
				183B13B31EAE5870009DCC28 /* SDPhotoBrowserConfig.h */,
				183B13B41EAE5870009DCC28 /* SDWaitingView.h */,
				183B13B51EAE5870009DCC28 /* SDWaitingView.m */,
			);
			path = SDPhotoBrowser;
			sourceTree = "<group>";
		};
		185828721EA87E4600655A5E = {
			isa = PBXGroup;
			children = (
				1858287D1EA87E4600655A5E /* CirCleOfFriend */,
				185828971EA87E4600655A5E /* CirCleOfFriendTests */,
				185828A21EA87E4600655A5E /* CirCleOfFriendUITests */,
				1858287C1EA87E4600655A5E /* Products */,
				88187973810034229B4CDD42 /* Pods */,
				A09C9D7397325A8E55D2DC9D /* Frameworks */,
			);
			sourceTree = "<group>";
		};
		1858287C1EA87E4600655A5E /* Products */ = {
			isa = PBXGroup;
			children = (
				1858287B1EA87E4600655A5E /* CirCleOfFriend.app */,
				185828941EA87E4600655A5E /* CirCleOfFriendTests.xctest */,
				1858289F1EA87E4600655A5E /* CirCleOfFriendUITests.xctest */,
			);
			name = Products;
			sourceTree = "<group>";
		};
		1858287D1EA87E4600655A5E /* CirCleOfFriend */ = {
			isa = PBXGroup;
			children = (
				18A87E081ECBF490003FFA1E /* GuidePage */,
				183B13AD1EAE5870009DCC28 /* Lib */,
				185828D61EADA10400655A5E /* resource */,
				185828BF1EA8C2D600655A5E /* Mine */,
				185828C01EA8C2D600655A5E /* Finder */,
				185828B11EA889F200655A5E /* Base */,
				185828811EA87E4600655A5E /* AppDelegate.h */,
				185828821EA87E4600655A5E /* AppDelegate.m */,
				185828871EA87E4600655A5E /* Main.storyboard */,
				1858288C1EA87E4600655A5E /* LaunchScreen.storyboard */,
				1858288F1EA87E4600655A5E /* Info.plist */,
				1875F05F1EC1624F00F42922 /* Assets.xcassets */,
				1858287E1EA87E4600655A5E /* Supporting Files */,
			);
			path = CirCleOfFriend;
			sourceTree = "<group>";
		};
		1858287E1EA87E4600655A5E /* Supporting Files */ = {
			isa = PBXGroup;
			children = (
				1858287F1EA87E4600655A5E /* main.m */,
			);
			name = "Supporting Files";
			sourceTree = "<group>";
		};
		185828971EA87E4600655A5E /* CirCleOfFriendTests */ = {
			isa = PBXGroup;
			children = (
				185828981EA87E4600655A5E /* CirCleOfFriendTests.m */,
				1858289A1EA87E4600655A5E /* Info.plist */,
			);
			path = CirCleOfFriendTests;
			sourceTree = "<group>";
		};
		185828A21EA87E4600655A5E /* CirCleOfFriendUITests */ = {
			isa = PBXGroup;
			children = (
				185828A31EA87E4600655A5E /* CirCleOfFriendUITests.m */,
				185828A51EA87E4600655A5E /* Info.plist */,
			);
			path = CirCleOfFriendUITests;
			sourceTree = "<group>";
		};
		185828B11EA889F200655A5E /* Base */ = {
			isa = PBXGroup;
			children = (
				185828D51EAD89BF00655A5E /* BaseModel */,
				185828C41EA99C9B00655A5E /* BaseViewController */,
				185828B51EA88B2D00655A5E /* BaseTabBar */,
			);
			path = Base;
			sourceTree = "<group>";
		};
		185828B51EA88B2D00655A5E /* BaseTabBar */ = {
			isa = PBXGroup;
			children = (
				185828B61EA88B2D00655A5E /* MGBaseTabBarController.h */,
				185828B71EA88B2D00655A5E /* MGBaseTabBarController.m */,
				185828B91EA88B5400655A5E /* MGTabBar.h */,
				185828BA1EA88B5400655A5E /* MGTabBar.m */,
				185828BC1EA88DEF00655A5E /* MGTabBarButton.h */,
				185828BD1EA88DEF00655A5E /* MGTabBarButton.m */,
			);
			path = BaseTabBar;
			sourceTree = "<group>";
		};
		185828BF1EA8C2D600655A5E /* Mine */ = {
			isa = PBXGroup;
			children = (
				18626CBE1EC31D1900830CF7 /* Controller */,
				18626CBF1EC31D1900830CF7 /* Model */,
				18626CC01EC31D1900830CF7 /* Views */,
			);
			path = Mine;
			sourceTree = "<group>";
		};
		185828C01EA8C2D600655A5E /* Finder */ = {
			isa = PBXGroup;
			children = (
				185828C11EA8C3E700655A5E /* Views */,
				185828C21EA8C3E700655A5E /* Model */,
				185828C31EA8C3E700655A5E /* Controller */,
			);
			path = Finder;
			sourceTree = "<group>";
		};
		185828C11EA8C3E700655A5E /* Views */ = {
			isa = PBXGroup;
			children = (
				1875F05B1EC15F1400F42922 /* CommentView */,
				18BDE39A1EB8722000BED8DC /* MGOperationMenu */,
				183B13A91EAE56AD009DCC28 /* MGPhotoContainer */,
				185828CE1EA9F81700655A5E /* cell */,
			);
			path = Views;
			sourceTree = "<group>";
		};
		185828C21EA8C3E700655A5E /* Model */ = {
			isa = PBXGroup;
			children = (
				185828D21EA9FE7A00655A5E /* CircleFriendModel.h */,
				185828D31EA9FE7A00655A5E /* CircleFriendModel.m */,
			);
			path = Model;
			sourceTree = "<group>";
		};
		185828C31EA8C3E700655A5E /* Controller */ = {
			isa = PBXGroup;
			children = (
				185828C81EA9B6FE00655A5E /* CircleFriendViewController.h */,
				185828C91EA9B6FE00655A5E /* CircleFriendViewController.m */,
			);
			path = Controller;
			sourceTree = "<group>";
		};
		185828C41EA99C9B00655A5E /* BaseViewController */ = {
			isa = PBXGroup;
			children = (
				185828C51EA99CAD00655A5E /* BaseViewController.h */,
				185828C61EA99CAD00655A5E /* BaseViewController.m */,
			);
			path = BaseViewController;
			sourceTree = "<group>";
		};
		185828CE1EA9F81700655A5E /* cell */ = {
			isa = PBXGroup;
			children = (
				185828CF1EA9F81700655A5E /* CircleFriendCell.h */,
				185828D01EA9F81700655A5E /* CircleFriendCell.m */,
			);
			path = cell;
			sourceTree = "<group>";
		};
		185828D51EAD89BF00655A5E /* BaseModel */ = {
			isa = PBXGroup;
			children = (
			);
			path = BaseModel;
			sourceTree = "<group>";
		};
		185828D61EADA10400655A5E /* resource */ = {
			isa = PBXGroup;
			children = (
				18A87E0A1ECBF4D3003FFA1E /* Images */,
				185828D71EADA10E00655A5E /* 10.jpg */,
				185828D81EADA10E00655A5E /* 11.jpg */,
				185828D91EADA10E00655A5E /* 12.jpg */,
				185828DA1EADA10E00655A5E /* 13.jpg */,
				185828DB1EADA10E00655A5E /* 14.jpg */,
				185828E11EADA15D00655A5E /* 15.jpg */,
				185828E21EADA15D00655A5E /* 16.jpg */,
				185828E31EADA15D00655A5E /* 17.jpg */,
				185828E41EADA15D00655A5E /* 18.jpg */,
			);
			path = resource;
			sourceTree = "<group>";
		};
		185B239E1EC59F6F00A5AEF2 /* MGMineViewController */ = {
			isa = PBXGroup;
			children = (
				185B239F1EC59F6F00A5AEF2 /* MGMineViewController.h */,
				185B23A01EC59F6F00A5AEF2 /* MGMineViewController.m */,
			);
			path = MGMineViewController;
			sourceTree = "<group>";
		};
		185B23A11EC59F6F00A5AEF2 /* MGMineParentClassScrollViewController */ = {
			isa = PBXGroup;
			children = (
				185B23A31EC59F8C00A5AEF2 /* MGMineParentClassScrollViewController.h */,
				185B23A41EC59F8C00A5AEF2 /* MGMineParentClassScrollViewController.m */,
			);
			path = MGMineParentClassScrollViewController;
			sourceTree = "<group>";
		};
		185B23A61EC5A5EA00A5AEF2 /* MGMineSubViewController */ = {
			isa = PBXGroup;
			children = (
				185B23A71EC5A5F900A5AEF2 /* MGMineSubViewController.h */,
				185B23A81EC5A5F900A5AEF2 /* MGMineSubViewController.m */,
			);
			path = MGMineSubViewController;
			sourceTree = "<group>";
		};
		18626CBE1EC31D1900830CF7 /* Controller */ = {
			isa = PBXGroup;
			children = (
				185B23A61EC5A5EA00A5AEF2 /* MGMineSubViewController */,
				185B239E1EC59F6F00A5AEF2 /* MGMineViewController */,
				185B23A11EC59F6F00A5AEF2 /* MGMineParentClassScrollViewController */,
				181E713D1EC9566F00DAAD4F /* textViewController.h */,
				181E713E1EC9566F00DAAD4F /* textViewController.m */,
			);
			path = Controller;
			sourceTree = "<group>";
		};
		18626CBF1EC31D1900830CF7 /* Model */ = {
			isa = PBXGroup;
			children = (
			);
			path = Model;
			sourceTree = "<group>";
		};
		18626CC01EC31D1900830CF7 /* Views */ = {
			isa = PBXGroup;
			children = (
				18626CCF1EC438B300830CF7 /* MGMineSegmentView */,
				18626CCB1EC3252100830CF7 /* MGMineHeaderView */,
				18626CC71EC31EDA00830CF7 /* MGMainTouchTableTableView */,
			);
			path = Views;
			sourceTree = "<group>";
		};
		18626CC71EC31EDA00830CF7 /* MGMainTouchTableTableView */ = {
			isa = PBXGroup;
			children = (
				18626CC81EC31EF300830CF7 /* MGMainTouchTableTableView.h */,
				18626CC91EC31EF300830CF7 /* MGMainTouchTableTableView.m */,
			);
			path = MGMainTouchTableTableView;
			sourceTree = "<group>";
		};
		18626CCB1EC3252100830CF7 /* MGMineHeaderView */ = {
			isa = PBXGroup;
			children = (
				18626CCC1EC3253C00830CF7 /* MGMineHeaderView.h */,
				18626CCD1EC3253C00830CF7 /* MGMineHeaderView.m */,
			);
			path = MGMineHeaderView;
			sourceTree = "<group>";
		};
		18626CCF1EC438B300830CF7 /* MGMineSegmentView */ = {
			isa = PBXGroup;
			children = (
				18626CD01EC43BD200830CF7 /* MGMineSegmentView.h */,
				18626CD11EC43BD200830CF7 /* MGMineSegmentView.m */,
			);
			path = MGMineSegmentView;
			sourceTree = "<group>";
		};
		1875F05B1EC15F1400F42922 /* CommentView */ = {
			isa = PBXGroup;
			children = (
				1875F05C1EC15F4B00F42922 /* MGCommentView.h */,
				1875F05D1EC15F4B00F42922 /* MGCommentView.m */,
			);
			path = CommentView;
			sourceTree = "<group>";
		};
		1875F0611EC1983F00F42922 /* MLEmojiLabel */ = {
			isa = PBXGroup;
			children = (
				1875F0621EC1983F00F42922 /* MLEmoji_Expression.bundle */,
				1875F0631EC1983F00F42922 /* MLEmoji_Expression.plist */,
				1875F0641EC1983F00F42922 /* MLEmoji_ExpressionImage.plist */,
				1875F0651EC1983F00F42922 /* MLEmojiLabel.h */,
				1875F0661EC1983F00F42922 /* MLEmojiLabel.m */,
				1875F0671EC1983F00F42922 /* MLLabel */,
				1875F0831EC1983F00F42922 /* TTTAttributedLabel */,
			);
			path = MLEmojiLabel;
			sourceTree = "<group>";
		};
		1875F0671EC1983F00F42922 /* MLLabel */ = {
			isa = PBXGroup;
			children = (
				1875F0681EC1983F00F42922 /* Classes */,
				1875F0811EC1983F00F42922 /* LICENSE */,
				1875F0821EC1983F00F42922 /* README.md */,
			);
			path = MLLabel;
			sourceTree = "<group>";
		};
		1875F0681EC1983F00F42922 /* Classes */ = {
			isa = PBXGroup;
			children = (
				1875F0691EC1983F00F42922 /* Category */,
				1875F0701EC1983F00F42922 /* Expression */,
				1875F0791EC1983F00F42922 /* Helper */,
				1875F07D1EC1983F00F42922 /* MLLabel.h */,
				1875F07E1EC1983F00F42922 /* MLLabel.m */,
				1875F07F1EC1983F00F42922 /* MLLinkLabel.h */,
				1875F0801EC1983F00F42922 /* MLLinkLabel.m */,
			);
			path = Classes;
			sourceTree = "<group>";
		};
		1875F0691EC1983F00F42922 /* Category */ = {
			isa = PBXGroup;
			children = (
				1875F06A1EC1983F00F42922 /* NSAttributedString+MLLabel.h */,
				1875F06B1EC1983F00F42922 /* NSAttributedString+MLLabel.m */,
				1875F06C1EC1983F00F42922 /* NSMutableAttributedString+MLLabel.h */,
				1875F06D1EC1983F00F42922 /* NSMutableAttributedString+MLLabel.m */,
				1875F06E1EC1983F00F42922 /* NSString+MLLabel.h */,
				1875F06F1EC1983F00F42922 /* NSString+MLLabel.m */,
			);
			path = Category;
			sourceTree = "<group>";
		};
		1875F0701EC1983F00F42922 /* Expression */ = {
			isa = PBXGroup;
			children = (
				1875F0711EC1983F00F42922 /* MLExpressionManager.h */,
				1875F0721EC1983F00F42922 /* MLExpressionManager.m */,
				1875F0731EC1983F00F42922 /* MLTextAttachment.h */,
				1875F0741EC1983F00F42922 /* MLTextAttachment.m */,
				1875F0751EC1983F00F42922 /* NSAttributedString+MLExpression.h */,
				1875F0761EC1983F00F42922 /* NSAttributedString+MLExpression.m */,
				1875F0771EC1983F00F42922 /* NSString+MLExpression.h */,
				1875F0781EC1983F00F42922 /* NSString+MLExpression.m */,
			);
			path = Expression;
			sourceTree = "<group>";
		};
		1875F0791EC1983F00F42922 /* Helper */ = {
			isa = PBXGroup;
			children = (
				1875F07A1EC1983F00F42922 /* MLLabel+Override.h */,
				1875F07B1EC1983F00F42922 /* MLLabelLayoutManager.h */,
				1875F07C1EC1983F00F42922 /* MLLabelLayoutManager.m */,
			);
			path = Helper;
			sourceTree = "<group>";
		};
		1875F0831EC1983F00F42922 /* TTTAttributedLabel */ = {
			isa = PBXGroup;
			children = (
				1875F0841EC1983F00F42922 /* TTTAttributedLabel.h */,
				1875F0851EC1983F00F42922 /* TTTAttributedLabel.m */,
			);
			path = TTTAttributedLabel;
			sourceTree = "<group>";
		};
		18A87E081ECBF490003FFA1E /* GuidePage */ = {
			isa = PBXGroup;
			children = (
				18A87E091ECBF4BC003FFA1E /* GuidePageViewController */,
			);
			path = GuidePage;
			sourceTree = "<group>";
		};
		18A87E091ECBF4BC003FFA1E /* GuidePageViewController */ = {
			isa = PBXGroup;
			children = (
				18A87E421ECBF4F7003FFA1E /* GuidePageViewController.h */,
				18A87E431ECBF4F7003FFA1E /* GuidePageViewController.m */,
			);
			path = GuidePageViewController;
			sourceTree = "<group>";
		};
		18A87E0A1ECBF4D3003FFA1E /* Images */ = {
			isa = PBXGroup;
			children = (
				18A87E0B1ECBF4D3003FFA1E /* 1_01.png */,
				18A87E0C1ECBF4D3003FFA1E /* 1_02.png */,
				18A87E0D1ECBF4D3003FFA1E /* 1_03.png */,
				18A87E0E1ECBF4D3003FFA1E /* 1_04.png */,
				18A87E0F1ECBF4D3003FFA1E /* 1_05.png */,
				18A87E101ECBF4D3003FFA1E /* 2_01.png */,
				18A87E111ECBF4D3003FFA1E /* 2_02.png */,
				18A87E121ECBF4D3003FFA1E /* 2_03.png */,
				18A87E131ECBF4D3003FFA1E /* 3_01.png */,
				18A87E141ECBF4D3003FFA1E /* 3_02.png */,
				18A87E151ECBF4D3003FFA1E /* 3_03.png */,
				18A87E161ECBF4D3003FFA1E /* 3_04.png */,
				18A87E171ECBF4D3003FFA1E /* 3_05.png */,
				18A87E181ECBF4D3003FFA1E /* 5_01.png */,
				18A87E191ECBF4D3003FFA1E /* 5_02.png */,
				18A87E1A1ECBF4D3003FFA1E /* 5_03.png */,
				18A87E1B1ECBF4D3003FFA1E /* 5_04.png */,
				18A87E1C1ECBF4D3003FFA1E /* 5_05.png */,
				18A87E1D1ECBF4D3003FFA1E /* gif */,
			);
			path = Images;
			sourceTree = "<group>";
		};
		18A87E1D1ECBF4D3003FFA1E /* gif */ = {
			isa = PBXGroup;
			children = (
				18A87E1E1ECBF4D3003FFA1E /* run1.png */,
				18A87E1F1ECBF4D3003FFA1E /* run2.png */,
				18A87E201ECBF4D3003FFA1E /* run3.png */,
				18A87E211ECBF4D3003FFA1E /* run4.png */,
				18A87E221ECBF4D3003FFA1E /* run5.png */,
				18A87E231ECBF4D3003FFA1E /* run6.png */,
				18A87E241ECBF4D3003FFA1E /* run7.png */,
				18A87E251ECBF4D3003FFA1E /* run8.png */,
				18A87E261ECBF4D3003FFA1E /* run9.png */,
			);
			path = gif;
			sourceTree = "<group>";
		};
		18BDE39A1EB8722000BED8DC /* MGOperationMenu */ = {
			isa = PBXGroup;
			children = (
				18BDE39B1EB872A700BED8DC /* MGOperationMenu.h */,
				18BDE39C1EB872A700BED8DC /* MGOperationMenu.m */,
			);
			path = MGOperationMenu;
			sourceTree = "<group>";
		};
		88187973810034229B4CDD42 /* Pods */ = {
			isa = PBXGroup;
			children = (
				B419C6D9A4FFBF33AD432749 /* Pods-CirCleOfFriend.debug.xcconfig */,
				6F6ED07EE0618D5EE3A66F0D /* Pods-CirCleOfFriend.release.xcconfig */,
			);
			name = Pods;
			sourceTree = "<group>";
		};
		A09C9D7397325A8E55D2DC9D /* Frameworks */ = {
			isa = PBXGroup;
			children = (
				F2335360D6980547DCAD2A2B /* libPods-CirCleOfFriend.a */,
			);
			name = Frameworks;
			sourceTree = "<group>";
		};
/* End PBXGroup section */

/* Begin PBXNativeTarget section */
		1858287A1EA87E4600655A5E /* CirCleOfFriend */ = {
			isa = PBXNativeTarget;
			buildConfigurationList = 185828A81EA87E4600655A5E /* Build configuration list for PBXNativeTarget "CirCleOfFriend" */;
			buildPhases = (
				86550DC832485D09D4F953DE /* [CP] Check Pods Manifest.lock */,
				185828771EA87E4600655A5E /* Sources */,
				185828781EA87E4600655A5E /* Frameworks */,
				185828791EA87E4600655A5E /* Resources */,
				ECA4E7514ADE34A1867DF38D /* [CP] Embed Pods Frameworks */,
				1674FA2A69330E06875132BA /* [CP] Copy Pods Resources */,
			);
			buildRules = (
			);
			dependencies = (
			);
			name = CirCleOfFriend;
			productName = CirCleOfFriend;
			productReference = 1858287B1EA87E4600655A5E /* CirCleOfFriend.app */;
			productType = "com.apple.product-type.application";
		};
		185828931EA87E4600655A5E /* CirCleOfFriendTests */ = {
			isa = PBXNativeTarget;
			buildConfigurationList = 185828AB1EA87E4600655A5E /* Build configuration list for PBXNativeTarget "CirCleOfFriendTests" */;
			buildPhases = (
				185828901EA87E4600655A5E /* Sources */,
				185828911EA87E4600655A5E /* Frameworks */,
				185828921EA87E4600655A5E /* Resources */,
			);
			buildRules = (
			);
			dependencies = (
				185828961EA87E4600655A5E /* PBXTargetDependency */,
			);
			name = CirCleOfFriendTests;
			productName = CirCleOfFriendTests;
			productReference = 185828941EA87E4600655A5E /* CirCleOfFriendTests.xctest */;
			productType = "com.apple.product-type.bundle.unit-test";
		};
		1858289E1EA87E4600655A5E /* CirCleOfFriendUITests */ = {
			isa = PBXNativeTarget;
			buildConfigurationList = 185828AE1EA87E4600655A5E /* Build configuration list for PBXNativeTarget "CirCleOfFriendUITests" */;
			buildPhases = (
				1858289B1EA87E4600655A5E /* Sources */,
				1858289C1EA87E4600655A5E /* Frameworks */,
				1858289D1EA87E4600655A5E /* Resources */,
			);
			buildRules = (
			);
			dependencies = (
				185828A11EA87E4600655A5E /* PBXTargetDependency */,
			);
			name = CirCleOfFriendUITests;
			productName = CirCleOfFriendUITests;
			productReference = 1858289F1EA87E4600655A5E /* CirCleOfFriendUITests.xctest */;
			productType = "com.apple.product-type.bundle.ui-testing";
		};
/* End PBXNativeTarget section */

/* Begin PBXProject section */
		185828731EA87E4600655A5E /* Project object */ = {
			isa = PBXProject;
			attributes = {
				LastUpgradeCheck = 0820;
				ORGANIZATIONNAME = apple;
				TargetAttributes = {
					1858287A1EA87E4600655A5E = {
						CreatedOnToolsVersion = 8.2.1;
						ProvisioningStyle = Automatic;
					};
					185828931EA87E4600655A5E = {
						CreatedOnToolsVersion = 8.2.1;
						ProvisioningStyle = Automatic;
						TestTargetID = 1858287A1EA87E4600655A5E;
					};
					1858289E1EA87E4600655A5E = {
						CreatedOnToolsVersion = 8.2.1;
						ProvisioningStyle = Automatic;
						TestTargetID = 1858287A1EA87E4600655A5E;
					};
				};
			};
			buildConfigurationList = 185828761EA87E4600655A5E /* Build configuration list for PBXProject "CirCleOfFriend" */;
			compatibilityVersion = "Xcode 3.2";
			developmentRegion = English;
			hasScannedForEncodings = 0;
			knownRegions = (
				en,
				Base,
			);
			mainGroup = 185828721EA87E4600655A5E;
			productRefGroup = 1858287C1EA87E4600655A5E /* Products */;
			projectDirPath = "";
			projectRoot = "";
			targets = (
				1858287A1EA87E4600655A5E /* CirCleOfFriend */,
				185828931EA87E4600655A5E /* CirCleOfFriendTests */,
				1858289E1EA87E4600655A5E /* CirCleOfFriendUITests */,
			);
		};
/* End PBXProject section */

/* Begin PBXResourcesBuildPhase section */
		185828791EA87E4600655A5E /* Resources */ = {
			isa = PBXResourcesBuildPhase;
			buildActionMask = 2147483647;
			files = (
				18A87E311ECBF4D3003FFA1E /* 3_03.png in Resources */,
				1875F0871EC1983F00F42922 /* MLEmoji_Expression.plist in Resources */,
				18A87E3A1ECBF4D3003FFA1E /* run2.png in Resources */,
				18A87E2C1ECBF4D3003FFA1E /* 2_01.png in Resources */,
				18A87E3F1ECBF4D3003FFA1E /* run7.png in Resources */,
				185828E61EADA15D00655A5E /* 16.jpg in Resources */,
				185828DD1EADA10E00655A5E /* 11.jpg in Resources */,
				18A87E3E1ECBF4D3003FFA1E /* run6.png in Resources */,
				185828E81EADA15D00655A5E /* 18.jpg in Resources */,
				1858288E1EA87E4600655A5E /* LaunchScreen.storyboard in Resources */,
				185828E01EADA10E00655A5E /* 14.jpg in Resources */,
				18A87E381ECBF4D3003FFA1E /* 5_05.png in Resources */,
				185828E71EADA15D00655A5E /* 17.jpg in Resources */,
				18A87E2A1ECBF4D3003FFA1E /* 1_04.png in Resources */,
				18A87E3C1ECBF4D3003FFA1E /* run4.png in Resources */,
				1875F0881EC1983F00F42922 /* MLEmoji_ExpressionImage.plist in Resources */,
				18A87E3D1ECBF4D3003FFA1E /* run5.png in Resources */,
				185828DE1EADA10E00655A5E /* 12.jpg in Resources */,
				18A87E411ECBF4D3003FFA1E /* run9.png in Resources */,
				18A87E341ECBF4D3003FFA1E /* 5_01.png in Resources */,
				18A87E281ECBF4D3003FFA1E /* 1_02.png in Resources */,
				18A87E351ECBF4D3003FFA1E /* 5_02.png in Resources */,
				18A87E2F1ECBF4D3003FFA1E /* 3_01.png in Resources */,
				18A87E291ECBF4D3003FFA1E /* 1_03.png in Resources */,
				18A87E2B1ECBF4D3003FFA1E /* 1_05.png in Resources */,
				18A87E3B1ECBF4D3003FFA1E /* run3.png in Resources */,
				18A87E361ECBF4D3003FFA1E /* 5_03.png in Resources */,
				185828DC1EADA10E00655A5E /* 10.jpg in Resources */,
				18A87E2E1ECBF4D3003FFA1E /* 2_03.png in Resources */,
				1875F0941EC1983F00F42922 /* LICENSE in Resources */,
				185828891EA87E4600655A5E /* Main.storyboard in Resources */,
				185828DF1EADA10E00655A5E /* 13.jpg in Resources */,
				18A87E371ECBF4D3003FFA1E /* 5_04.png in Resources */,
				18A87E331ECBF4D3003FFA1E /* 3_05.png in Resources */,
				18A87E321ECBF4D3003FFA1E /* 3_04.png in Resources */,
				1875F0601EC1624F00F42922 /* Assets.xcassets in Resources */,
				1875F0861EC1983F00F42922 /* MLEmoji_Expression.bundle in Resources */,
				185828E51EADA15D00655A5E /* 15.jpg in Resources */,
				18A87E391ECBF4D3003FFA1E /* run1.png in Resources */,
				18A87E401ECBF4D3003FFA1E /* run8.png in Resources */,
				18A87E301ECBF4D3003FFA1E /* 3_02.png in Resources */,
				18A87E2D1ECBF4D3003FFA1E /* 2_02.png in Resources */,
				18A87E271ECBF4D3003FFA1E /* 1_01.png in Resources */,
			);
			runOnlyForDeploymentPostprocessing = 0;
		};
		185828921EA87E4600655A5E /* Resources */ = {
			isa = PBXResourcesBuildPhase;
			buildActionMask = 2147483647;
			files = (
			);
			runOnlyForDeploymentPostprocessing = 0;
		};
		1858289D1EA87E4600655A5E /* Resources */ = {
			isa = PBXResourcesBuildPhase;
			buildActionMask = 2147483647;
			files = (
			);
			runOnlyForDeploymentPostprocessing = 0;
		};
/* End PBXResourcesBuildPhase section */

/* Begin PBXShellScriptBuildPhase section */
		1674FA2A69330E06875132BA /* [CP] Copy Pods Resources */ = {
			isa = PBXShellScriptBuildPhase;
			buildActionMask = 2147483647;
			files = (
			);
			inputPaths = (
			);
			name = "[CP] Copy Pods Resources";
			outputPaths = (
			);
			runOnlyForDeploymentPostprocessing = 0;
			shellPath = /bin/sh;
			shellScript = "\"${SRCROOT}/Pods/Target Support Files/Pods-CirCleOfFriend/Pods-CirCleOfFriend-resources.sh\"\n";
			showEnvVarsInLog = 0;
		};
		86550DC832485D09D4F953DE /* [CP] Check Pods Manifest.lock */ = {
			isa = PBXShellScriptBuildPhase;
			buildActionMask = 2147483647;
			files = (
			);
			inputPaths = (
			);
			name = "[CP] Check Pods Manifest.lock";
			outputPaths = (
			);
			runOnlyForDeploymentPostprocessing = 0;
			shellPath = /bin/sh;
			shellScript = "diff \"${PODS_ROOT}/../Podfile.lock\" \"${PODS_ROOT}/Manifest.lock\" > /dev/null\nif [ $? != 0 ] ; then\n    # print error to STDERR\n    echo \"error: The sandbox is not in sync with the Podfile.lock. Run 'pod install' or update your CocoaPods installation.\" >&2\n    exit 1\nfi\n";
			showEnvVarsInLog = 0;
		};
		ECA4E7514ADE34A1867DF38D /* [CP] Embed Pods Frameworks */ = {
			isa = PBXShellScriptBuildPhase;
			buildActionMask = 2147483647;
			files = (
			);
			inputPaths = (
			);
			name = "[CP] Embed Pods Frameworks";
			outputPaths = (
			);
			runOnlyForDeploymentPostprocessing = 0;
			shellPath = /bin/sh;
			shellScript = "\"${SRCROOT}/Pods/Target Support Files/Pods-CirCleOfFriend/Pods-CirCleOfFriend-frameworks.sh\"\n";
			showEnvVarsInLog = 0;
		};
/* End PBXShellScriptBuildPhase section */

/* Begin PBXSourcesBuildPhase section */
		185828771EA87E4600655A5E /* Sources */ = {
			isa = PBXSourcesBuildPhase;
			buildActionMask = 2147483647;
			files = (
				185B23A91EC5A5F900A5AEF2 /* MGMineSubViewController.m in Sources */,
				1875F05E1EC15F4B00F42922 /* MGCommentView.m in Sources */,
				1875F0931EC1983F00F42922 /* MLLinkLabel.m in Sources */,
				18BDE39D1EB872A700BED8DC /* MGOperationMenu.m in Sources */,
				1875F0961EC1983F00F42922 /* TTTAttributedLabel.m in Sources */,
				181E713F1EC9566F00DAAD4F /* textViewController.m in Sources */,
				183B13B71EAE5870009DCC28 /* SDPhotoBrowser.m in Sources */,
				1875F0911EC1983F00F42922 /* MLLabelLayoutManager.m in Sources */,
				185828B81EA88B2D00655A5E /* MGBaseTabBarController.m in Sources */,
				185828C71EA99CAD00655A5E /* BaseViewController.m in Sources */,
				18A87E441ECBF4F7003FFA1E /* GuidePageViewController.m in Sources */,
				1875F08C1EC1983F00F42922 /* NSString+MLLabel.m in Sources */,
				1875F0901EC1983F00F42922 /* NSString+MLExpression.m in Sources */,
				185828D41EA9FE7A00655A5E /* CircleFriendModel.m in Sources */,
				1875F0891EC1983F00F42922 /* MLEmojiLabel.m in Sources */,
				185828CA1EA9B6FE00655A5E /* CircleFriendViewController.m in Sources */,
				185B23A21EC59F6F00A5AEF2 /* MGMineViewController.m in Sources */,
				1875F0921EC1983F00F42922 /* MLLabel.m in Sources */,
				185828BB1EA88B5400655A5E /* MGTabBar.m in Sources */,
				185828831EA87E4600655A5E /* AppDelegate.m in Sources */,
				1875F0951EC1983F00F42922 /* README.md in Sources */,
				1875F08B1EC1983F00F42922 /* NSMutableAttributedString+MLLabel.m in Sources */,
				1875F08F1EC1983F00F42922 /* NSAttributedString+MLExpression.m in Sources */,
				1875F08D1EC1983F00F42922 /* MLExpressionManager.m in Sources */,
				183B13B61EAE5870009DCC28 /* SDBrowserImageView.m in Sources */,
				185828BE1EA88DEF00655A5E /* MGTabBarButton.m in Sources */,
				18626CCA1EC31EF300830CF7 /* MGMainTouchTableTableView.m in Sources */,
				1875F08E1EC1983F00F42922 /* MLTextAttachment.m in Sources */,
				18626CD21EC43BD200830CF7 /* MGMineSegmentView.m in Sources */,
				1875F08A1EC1983F00F42922 /* NSAttributedString+MLLabel.m in Sources */,
				185B23A51EC59F8C00A5AEF2 /* MGMineParentClassScrollViewController.m in Sources */,
				18626CCE1EC3253C00830CF7 /* MGMineHeaderView.m in Sources */,
				185828801EA87E4600655A5E /* main.m in Sources */,
				183B13B81EAE5870009DCC28 /* SDWaitingView.m in Sources */,
				185828D11EA9F81700655A5E /* CircleFriendCell.m in Sources */,
				183B13AC1EAE56C7009DCC28 /* MGPhotoContainerView.m in Sources */,
			);
			runOnlyForDeploymentPostprocessing = 0;
		};
		185828901EA87E4600655A5E /* Sources */ = {
			isa = PBXSourcesBuildPhase;
			buildActionMask = 2147483647;
			files = (
				185828991EA87E4600655A5E /* CirCleOfFriendTests.m in Sources */,
			);
			runOnlyForDeploymentPostprocessing = 0;
		};
		1858289B1EA87E4600655A5E /* Sources */ = {
			isa = PBXSourcesBuildPhase;
			buildActionMask = 2147483647;
			files = (
				185828A41EA87E4600655A5E /* CirCleOfFriendUITests.m in Sources */,
			);
			runOnlyForDeploymentPostprocessing = 0;
		};
/* End PBXSourcesBuildPhase section */

/* Begin PBXTargetDependency section */
		185828961EA87E4600655A5E /* PBXTargetDependency */ = {
			isa = PBXTargetDependency;
			target = 1858287A1EA87E4600655A5E /* CirCleOfFriend */;
			targetProxy = 185828951EA87E4600655A5E /* PBXContainerItemProxy */;
		};
		185828A11EA87E4600655A5E /* PBXTargetDependency */ = {
			isa = PBXTargetDependency;
			target = 1858287A1EA87E4600655A5E /* CirCleOfFriend */;
			targetProxy = 185828A01EA87E4600655A5E /* PBXContainerItemProxy */;
		};
/* End PBXTargetDependency section */

/* Begin PBXVariantGroup section */
		185828871EA87E4600655A5E /* Main.storyboard */ = {
			isa = PBXVariantGroup;
			children = (
				185828881EA87E4600655A5E /* Base */,
			);
			name = Main.storyboard;
			sourceTree = "<group>";
		};
		1858288C1EA87E4600655A5E /* LaunchScreen.storyboard */ = {
			isa = PBXVariantGroup;
			children = (
				1858288D1EA87E4600655A5E /* Base */,
			);
			name = LaunchScreen.storyboard;
			sourceTree = "<group>";
		};
/* End PBXVariantGroup section */

/* Begin XCBuildConfiguration section */
		185828A61EA87E4600655A5E /* Debug */ = {
			isa = XCBuildConfiguration;
			buildSettings = {
				ALWAYS_SEARCH_USER_PATHS = NO;
				CLANG_ANALYZER_NONNULL = YES;
				CLANG_CXX_LANGUAGE_STANDARD = "gnu++0x";
				CLANG_CXX_LIBRARY = "libc++";
				CLANG_ENABLE_MODULES = YES;
				CLANG_ENABLE_OBJC_ARC = YES;
				CLANG_WARN_BOOL_CONVERSION = YES;
				CLANG_WARN_CONSTANT_CONVERSION = YES;
				CLANG_WARN_DIRECT_OBJC_ISA_USAGE = YES_ERROR;
				CLANG_WARN_DOCUMENTATION_COMMENTS = YES;
				CLANG_WARN_EMPTY_BODY = YES;
				CLANG_WARN_ENUM_CONVERSION = YES;
				CLANG_WARN_INFINITE_RECURSION = YES;
				CLANG_WARN_INT_CONVERSION = YES;
				CLANG_WARN_OBJC_ROOT_CLASS = YES_ERROR;
				CLANG_WARN_SUSPICIOUS_MOVE = YES;
				CLANG_WARN_UNREACHABLE_CODE = YES;
				CLANG_WARN__DUPLICATE_METHOD_MATCH = YES;
				"CODE_SIGN_IDENTITY[sdk=iphoneos*]" = "iPhone Developer";
				COPY_PHASE_STRIP = NO;
				DEBUG_INFORMATION_FORMAT = dwarf;
				ENABLE_STRICT_OBJC_MSGSEND = YES;
				ENABLE_TESTABILITY = YES;
				GCC_C_LANGUAGE_STANDARD = gnu99;
				GCC_DYNAMIC_NO_PIC = NO;
				GCC_NO_COMMON_BLOCKS = YES;
				GCC_OPTIMIZATION_LEVEL = 0;
				GCC_PREPROCESSOR_DEFINITIONS = (
					"DEBUG=1",
					"$(inherited)",
				);
				GCC_WARN_64_TO_32_BIT_CONVERSION = YES;
				GCC_WARN_ABOUT_RETURN_TYPE = YES_ERROR;
				GCC_WARN_UNDECLARED_SELECTOR = YES;
				GCC_WARN_UNINITIALIZED_AUTOS = YES_AGGRESSIVE;
				GCC_WARN_UNUSED_FUNCTION = YES;
				GCC_WARN_UNUSED_VARIABLE = YES;
				IPHONEOS_DEPLOYMENT_TARGET = 10.2;
				MTL_ENABLE_DEBUG_INFO = YES;
				ONLY_ACTIVE_ARCH = YES;
				SDKROOT = iphoneos;
				TARGETED_DEVICE_FAMILY = "1,2";
			};
			name = Debug;
		};
		185828A71EA87E4600655A5E /* Release */ = {
			isa = XCBuildConfiguration;
			buildSettings = {
				ALWAYS_SEARCH_USER_PATHS = NO;
				CLANG_ANALYZER_NONNULL = YES;
				CLANG_CXX_LANGUAGE_STANDARD = "gnu++0x";
				CLANG_CXX_LIBRARY = "libc++";
				CLANG_ENABLE_MODULES = YES;
				CLANG_ENABLE_OBJC_ARC = YES;
				CLANG_WARN_BOOL_CONVERSION = YES;
				CLANG_WARN_CONSTANT_CONVERSION = YES;
				CLANG_WARN_DIRECT_OBJC_ISA_USAGE = YES_ERROR;
				CLANG_WARN_DOCUMENTATION_COMMENTS = YES;
				CLANG_WARN_EMPTY_BODY = YES;
				CLANG_WARN_ENUM_CONVERSION = YES;
				CLANG_WARN_INFINITE_RECURSION = YES;
				CLANG_WARN_INT_CONVERSION = YES;
				CLANG_WARN_OBJC_ROOT_CLASS = YES_ERROR;
				CLANG_WARN_SUSPICIOUS_MOVE = YES;
				CLANG_WARN_UNREACHABLE_CODE = YES;
				CLANG_WARN__DUPLICATE_METHOD_MATCH = YES;
				"CODE_SIGN_IDENTITY[sdk=iphoneos*]" = "iPhone Developer";
				COPY_PHASE_STRIP = NO;
				DEBUG_INFORMATION_FORMAT = "dwarf-with-dsym";
				ENABLE_NS_ASSERTIONS = NO;
				ENABLE_STRICT_OBJC_MSGSEND = YES;
				GCC_C_LANGUAGE_STANDARD = gnu99;
				GCC_NO_COMMON_BLOCKS = YES;
				GCC_WARN_64_TO_32_BIT_CONVERSION = YES;
				GCC_WARN_ABOUT_RETURN_TYPE = YES_ERROR;
				GCC_WARN_UNDECLARED_SELECTOR = YES;
				GCC_WARN_UNINITIALIZED_AUTOS = YES_AGGRESSIVE;
				GCC_WARN_UNUSED_FUNCTION = YES;
				GCC_WARN_UNUSED_VARIABLE = YES;
				IPHONEOS_DEPLOYMENT_TARGET = 10.2;
				MTL_ENABLE_DEBUG_INFO = NO;
				SDKROOT = iphoneos;
				TARGETED_DEVICE_FAMILY = "1,2";
				VALIDATE_PRODUCT = YES;
			};
			name = Release;
		};
		185828A91EA87E4600655A5E /* Debug */ = {
			isa = XCBuildConfiguration;
			baseConfigurationReference = B419C6D9A4FFBF33AD432749 /* Pods-CirCleOfFriend.debug.xcconfig */;
			buildSettings = {
				ASSETCATALOG_COMPILER_APPICON_NAME = AppIcon;
				INFOPLIST_FILE = CirCleOfFriend/Info.plist;
				LD_RUNPATH_SEARCH_PATHS = "$(inherited) @executable_path/Frameworks";
				PRODUCT_BUNDLE_IDENTIFIER = "-.CirCleOfFriend";
				PRODUCT_NAME = "$(TARGET_NAME)";
			};
			name = Debug;
		};
		185828AA1EA87E4600655A5E /* Release */ = {
			isa = XCBuildConfiguration;
			baseConfigurationReference = 6F6ED07EE0618D5EE3A66F0D /* Pods-CirCleOfFriend.release.xcconfig */;
			buildSettings = {
				ASSETCATALOG_COMPILER_APPICON_NAME = AppIcon;
				INFOPLIST_FILE = CirCleOfFriend/Info.plist;
				LD_RUNPATH_SEARCH_PATHS = "$(inherited) @executable_path/Frameworks";
				PRODUCT_BUNDLE_IDENTIFIER = "-.CirCleOfFriend";
				PRODUCT_NAME = "$(TARGET_NAME)";
			};
			name = Release;
		};
		185828AC1EA87E4600655A5E /* Debug */ = {
			isa = XCBuildConfiguration;
			buildSettings = {
				BUNDLE_LOADER = "$(TEST_HOST)";
				INFOPLIST_FILE = CirCleOfFriendTests/Info.plist;
				LD_RUNPATH_SEARCH_PATHS = "$(inherited) @executable_path/Frameworks @loader_path/Frameworks";
				PRODUCT_BUNDLE_IDENTIFIER = "-.CirCleOfFriendTests";
				PRODUCT_NAME = "$(TARGET_NAME)";
				TEST_HOST = "$(BUILT_PRODUCTS_DIR)/CirCleOfFriend.app/CirCleOfFriend";
			};
			name = Debug;
		};
		185828AD1EA87E4600655A5E /* Release */ = {
			isa = XCBuildConfiguration;
			buildSettings = {
				BUNDLE_LOADER = "$(TEST_HOST)";
				INFOPLIST_FILE = CirCleOfFriendTests/Info.plist;
				LD_RUNPATH_SEARCH_PATHS = "$(inherited) @executable_path/Frameworks @loader_path/Frameworks";
				PRODUCT_BUNDLE_IDENTIFIER = "-.CirCleOfFriendTests";
				PRODUCT_NAME = "$(TARGET_NAME)";
				TEST_HOST = "$(BUILT_PRODUCTS_DIR)/CirCleOfFriend.app/CirCleOfFriend";
			};
			name = Release;
		};
		185828AF1EA87E4600655A5E /* Debug */ = {
			isa = XCBuildConfiguration;
			buildSettings = {
				INFOPLIST_FILE = CirCleOfFriendUITests/Info.plist;
				LD_RUNPATH_SEARCH_PATHS = "$(inherited) @executable_path/Frameworks @loader_path/Frameworks";
				PRODUCT_BUNDLE_IDENTIFIER = "-.CirCleOfFriendUITests";
				PRODUCT_NAME = "$(TARGET_NAME)";
				TEST_TARGET_NAME = CirCleOfFriend;
			};
			name = Debug;
		};
		185828B01EA87E4600655A5E /* Release */ = {
			isa = XCBuildConfiguration;
			buildSettings = {
				INFOPLIST_FILE = CirCleOfFriendUITests/Info.plist;
				LD_RUNPATH_SEARCH_PATHS = "$(inherited) @executable_path/Frameworks @loader_path/Frameworks";
				PRODUCT_BUNDLE_IDENTIFIER = "-.CirCleOfFriendUITests";
				PRODUCT_NAME = "$(TARGET_NAME)";
				TEST_TARGET_NAME = CirCleOfFriend;
			};
			name = Release;
		};
/* End XCBuildConfiguration section */

/* Begin XCConfigurationList section */
		185828761EA87E4600655A5E /* Build configuration list for PBXProject "CirCleOfFriend" */ = {
			isa = XCConfigurationList;
			buildConfigurations = (
				185828A61EA87E4600655A5E /* Debug */,
				185828A71EA87E4600655A5E /* Release */,
			);
			defaultConfigurationIsVisible = 0;
			defaultConfigurationName = Release;
		};
		185828A81EA87E4600655A5E /* Build configuration list for PBXNativeTarget "CirCleOfFriend" */ = {
			isa = XCConfigurationList;
			buildConfigurations = (
				185828A91EA87E4600655A5E /* Debug */,
				185828AA1EA87E4600655A5E /* Release */,
			);
			defaultConfigurationIsVisible = 0;
			defaultConfigurationName = Release;
		};
		185828AB1EA87E4600655A5E /* Build configuration list for PBXNativeTarget "CirCleOfFriendTests" */ = {
			isa = XCConfigurationList;
			buildConfigurations = (
				185828AC1EA87E4600655A5E /* Debug */,
				185828AD1EA87E4600655A5E /* Release */,
			);
			defaultConfigurationIsVisible = 0;
			defaultConfigurationName = Release;
		};
		185828AE1EA87E4600655A5E /* Build configuration list for PBXNativeTarget "CirCleOfFriendUITests" */ = {
			isa = XCConfigurationList;
			buildConfigurations = (
				185828AF1EA87E4600655A5E /* Debug */,
				185828B01EA87E4600655A5E /* Release */,
			);
			defaultConfigurationIsVisible = 0;
			defaultConfigurationName = Release;
		};
/* End XCConfigurationList section */
	};
	rootObject = 185828731EA87E4600655A5E /* Project object */;
}
